Microsoft Visual Studio Solution File, Format Version 12.00
# Visual Studio Version 17
VisualStudioVersion = 17.5.2.0
MinimumVisualStudioVersion = 10.0.40219.1
Project("{FAE04EC0-301F-11D3-BF4B-00C04F79EFBC}") = "ModuloAPI", "ModuloAPI.csproj", "{9AAE5D2D-2638-9E13-EEF2-72A3752B768C}"
EndProject
Global
	GlobalSection(SolutionConfigurationPlatforms) = preSolution
		Debug|Any CPU = Debug|Any CPU
		Release|Any CPU = Release|Any CPU
	EndGlobalSection
	GlobalSection(ProjectConfigurationPlatforms) = postSolution
		{9AAE5D2D-2638-9E13-EEF2-72A3752B768C}.Debug|Any CPU.ActiveCfg = Debug|Any CPU
		{9AAE5D2D-2638-9E13-EEF2-72A3752B768C}.Debug|Any CPU.Build.0 = Debug|Any CPU
		{9AAE5D2D-2638-9E13-EEF2-72A3752B768C}.Release|Any CPU.ActiveCfg = Release|Any CPU
		{9AAE5D2D-2638-9E13-EEF2-72A3752B768C}.Release|Any CPU.Build.0 = Release|Any CPU
	EndGlobalSection
	GlobalSection(SolutionProperties) = preSolution
		HideSolutionNode = FALSE
	EndGlobalSection
	GlobalSection(ExtensibilityGlobals) = postSolution
		SolutionGuid = {D04CB26F-D821-4602-8946-943193D19AFE}
	EndGlobalSection
EndGlobal
